// !$*UTF8*$!
{
	archiveVersion = 1;
	classes = {
	};
	objectVersion = 50;
	objects = {

/* Begin PBXBuildFile section */
		09675597236D06EE0001B947 /* AppDelegate.swift in Sources */ = {isa = PBXBuildFile; fileRef = 09675596236D06EE0001B947 /* AppDelegate.swift */; };
		09675599236D06EE0001B947 /* SceneDelegate.swift in Sources */ = {isa = PBXBuildFile; fileRef = 09675598236D06EE0001B947 /* SceneDelegate.swift */; };
		0967559B236D06EE0001B947 /* ViewController.swift in Sources */ = {isa = PBXBuildFile; fileRef = 0967559A236D06EE0001B947 /* ViewController.swift */; };
		0967559E236D06EE0001B947 /* Main.storyboard in Resources */ = {isa = PBXBuildFile; fileRef = 0967559C236D06EE0001B947 /* Main.storyboard */; };
		096755A0236D06EF0001B947 /* Assets.xcassets in Resources */ = {isa = PBXBuildFile; fileRef = 0967559F236D06EF0001B947 /* Assets.xcassets */; };
		096755A3236D06EF0001B947 /* LaunchScreen.storyboard in Resources */ = {isa = PBXBuildFile; fileRef = 096755A1236D06EF0001B947 /* LaunchScreen.storyboard */; };
		096755AE236D06EF0001B947 /* project8Tests.swift in Sources */ = {isa = PBXBuildFile; fileRef = 096755AD236D06EF0001B947 /* project8Tests.swift */; };
/* End PBXBuildFile section */

/* Begin PBXContainerItemProxy section */
		096755AA236D06EF0001B947 /* PBXContainerItemProxy */ = {
			isa = PBXContainerItemProxy;
			containerPortal = 0967558B236D06EE0001B947 /* Project object */;
			proxyType = 1;
			remoteGlobalIDString = 09675592236D06EE0001B947;
			remoteInfo = project8;
		};
/* End PBXContainerItemProxy section */

/* Begin PBXFileReference section */
		09675593236D06EE0001B947 /* project8.app */ = {isa = PBXFileReference; explicitFileType = wrapper.application; includeInIndex = 0; path = project8.app; sourceTree = BUILT_PRODUCTS_DIR; };
		09675596236D06EE0001B947 /* AppDelegate.swift */ = {isa = PBXFileReference; lastKnownFileType = sourcecode.swift; path = AppDelegate.swift; sourceTree = "<group>"; };
		09675598236D06EE0001B947 /* SceneDelegate.swift */ = {isa = PBXFileReference; lastKnownFileType = sourcecode.swift; path = SceneDelegate.swift; sourceTree = "<group>"; };
		0967559A236D06EE0001B947 /* ViewController.swift */ = {isa = PBXFileReference; lastKnownFileType = sourcecode.swift; path = ViewController.swift; sourceTree = "<group>"; };
		0967559D236D06EE0001B947 /* Base */ = {isa = PBXFileReference; lastKnownFileType = file.storyboard; name = Base; path = Base.lproj/Main.storyboard; sourceTree = "<group>"; };
		0967559F236D06EF0001B947 /* Assets.xcassets */ = {isa = PBXFileReference; lastKnownFileType = folder.assetcatalog; path = Assets.xcassets; sourceTree = "<group>"; };
		096755A2236D06EF0001B947 /* Base */ = {isa = PBXFileReference; lastKnownFileType = file.storyboard; name = Base; path = Base.lproj/LaunchScreen.storyboard; sourceTree = "<group>"; };
		096755A4236D06EF0001B947 /* Info.plist */ = {isa = PBXFileReference; lastKnownFileType = text.plist.xml; path = Info.plist; sourceTree = "<group>"; };
		096755A9236D06EF0001B947 /* project8Tests.xctest */ = {isa = PBXFileReference; explicitFileType = wrapper.cfbundle; includeInIndex = 0; path = project8Tests.xctest; sourceTree = BUILT_PRODUCTS_DIR; };
		096755AD236D06EF0001B947 /* project8Tests.swift */ = {isa = PBXFileReference; lastKnownFileType = sourcecode.swift; path = project8Tests.swift; sourceTree = "<group>"; };
		096755AF236D06EF0001B947 /* Info.plist */ = {isa = PBXFileReference; lastKnownFileType = text.plist.xml; path = Info.plist; sourceTree = "<group>"; };
/* End PBXFileReference section */

/* Begin PBXFrameworksBuildPhase section */
		09675590236D06EE0001B947 /* Frameworks */ = {
			isa = PBXFrameworksBuildPhase;
			buildActionMask = 2147483647;
			files = (
			);
			runOnlyForDeploymentPostprocessing = 0;
		};
		096755A6236D06EF0001B947 /* Frameworks */ = {
			isa = PBXFrameworksBuildPhase;
			buildActionMask = 2147483647;
			files = (
			);
			runOnlyForDeploymentPostprocessing = 0;
		};
/* End PBXFrameworksBuildPhase section */

/* Begin PBXGroup section */
		0967558A236D06EE0001B947 = {
			isa = PBXGroup;
			children = (
				09675595236D06EE0001B947 /* project8 */,
				096755AC236D06EF0001B947 /* project8Tests */,
				09675594236D06EE0001B947 /* Products */,
			);
			sourceTree = "<group>";
		};
		09675594236D06EE0001B947 /* Products */ = {
			isa = PBXGroup;
			children = (
				09675593236D06EE0001B947 /* project8.app */,
				096755A9236D06EF0001B947 /* project8Tests.xctest */,
			);
			name = Products;
			sourceTree = "<group>";
		};
		09675595236D06EE0001B947 /* project8 */ = {
			isa = PBXGroup;
			children = (
				09675596236D06EE0001B947 /* AppDelegate.swift */,
				09675598236D06EE0001B947 /* SceneDelegate.swift */,
				0967559A236D06EE0001B947 /* ViewController.swift */,
				0967559C236D06EE0001B947 /* Main.storyboard */,
				0967559F236D06EF0001B947 /* Assets.xcassets */,
				096755A1236D06EF0001B947 /* LaunchScreen.storyboard */,
				096755A4236D06EF0001B947 /* Info.plist */,
			);
			path = project8;
			sourceTree = "<group>";
		};
		096755AC236D06EF0001B947 /* project8Tests */ = {
			isa = PBXGroup;
			children = (
				096755AD236D06EF0001B947 /* project8Tests.swift */,
				096755AF236D06EF0001B947 /* Info.plist */,
			);
			path = project8Tests;
			sourceTree = "<group>";
		};
/* End PBXGroup section */

/* Begin PBXNativeTarget section */
		09675592236D06EE0001B947 /* project8 */ = {
			isa = PBXNativeTarget;
			buildConfigurationList = 096755B2236D06EF0001B947 /* Build configuration list for PBXNativeTarget "project8" */;
			buildPhases = (
				0967558F236D06EE0001B947 /* Sources */,
				09675590236D06EE0001B947 /* Frameworks */,
				09675591236D06EE0001B947 /* Resources */,
			);
			buildRules = (
			);
			dependencies = (
			);
			name = project8;
			productName = project8;
			productReference = 09675593236D06EE0001B947 /* project8.app */;
			productType = "com.apple.product-type.application";
		};
		096755A8236D06EF0001B947 /* project8Tests */ = {
			isa = PBXNativeTarget;
			buildConfigurationList = 096755B5236D06EF0001B947 /* Build configuration list for PBXNativeTarget "project8Tests" */;
			buildPhases = (
				096755A5236D06EF0001B947 /* Sources */,
				096755A6236D06EF0001B947 /* Frameworks */,
				096755A7236D06EF0001B947 /* Resources */,
			);
			buildRules = (
			);
			dependencies = (
				096755AB236D06EF0001B947 /* PBXTargetDependency */,
			);
			name = project8Tests;
			productName = project8Tests;
			productReference = 096755A9236D06EF0001B947 /* project8Tests.xctest */;
			productType = "com.apple.product-type.bundle.unit-test";
		};
/* End PBXNativeTarget section */

/* Begin PBXProject section */
		0967558B236D06EE0001B947 /* Project object */ = {
			isa = PBXProject;
			attributes = {
				LastSwiftUpdateCheck = 1110;
				LastUpgradeCheck = 1110;
				ORGANIZATIONNAME = vmulugu;
				TargetAttributes = {
					09675592236D06EE0001B947 = {
						CreatedOnToolsVersion = 11.1;
					};
					096755A8236D06EF0001B947 = {
						CreatedOnToolsVersion = 11.1;
						TestTargetID = 09675592236D06EE0001B947;
					};
				};
			};
			buildConfigurationList = 0967558E236D06EE0001B947 /* Build configuration list for PBXProject "project8" */;
			compatibilityVersion = "Xcode 9.3";
			developmentRegion = en;
			hasScannedForEncodings = 0;
			knownRegions = (
				en,
				Base,
			);
			mainGroup = 0967558A236D06EE0001B947;
			productRefGroup = 09675594236D06EE0001B947 /* Products */;
			projectDirPath = "";
			projectRoot = "";
			targets = (
				09675592236D06EE0001B947 /* project8 */,
				096755A8236D06EF0001B947 /* project8Tests */,
			);
		};
/* End PBXProject section */

/* Begin PBXResourcesBuildPhase section */
		09675591236D06EE0001B947 /* Resources */ = {
			isa = PBXResourcesBuildPhase;
			buildActionMask = 2147483647;
			files = (
				096755A3236D06EF0001B947 /* LaunchScreen.storyboard in Resources */,
				096755A0236D06EF0001B947 /* Assets.xcassets in Resources */,
				0967559E236D06EE0001B947 /* Main.storyboard in Resources */,
			);
			runOnlyForDeploymentPostprocessing = 0;
		};
		096755A7236D06EF0001B947 /* Resources */ = {
			isa = PBXResourcesBuildPhase;
			buildActionMask = 2147483647;
			files = (
			);
			runOnlyForDeploymentPostprocessing = 0;
		};
/* End PBXResourcesBuildPhase section */

/* Begin PBXSourcesBuildPhase section */
		0967558F236D06EE0001B947 /* Sources */ = {
			isa = PBXSourcesBuildPhase;
			buildActionMask = 2147483647;
			files = (
				0967559B236D06EE0001B947 /* ViewController.swift in Sources */,
				09675597236D06EE0001B947 /* AppDelegate.swift in Sources */,
				09675599236D06EE0001B947 /* SceneDelegate.swift in Sources */,
			);
			runOnlyForDeploymentPostprocessing = 0;
		};
		096755A5236D06EF0001B947 /* Sources */ = {
			isa = PBXSourcesBuildPhase;
			buildActionMask = 2147483647;
			files = (
				096755AE236D06EF0001B947 /* project8Tests.swift in Sources */,
			);
			runOnlyForDeploymentPostprocessing = 0;
		};
/* End PBXSourcesBuildPhase section */

/* Begin PBXTargetDependency section */
		096755AB236D06EF0001B947 /* PBXTargetDependency */ = {
			isa = PBXTargetDependency;
			target = 09675592236D06EE0001B947 /* project8 */;
			targetProxy = 096755AA236D06EF0001B947 /* PBXContainerItemProxy */;
		};
/* End PBXTargetDependency section */

/* Begin PBXVariantGroup section */
		0967559C236D06EE0001B947 /* Main.storyboard */ = {
			isa = PBXVariantGroup;
			children = (
				0967559D236D06EE0001B947 /* Base */,
			);
			name = Main.storyboard;
			sourceTree = "<group>";
		};
		096755A1236D06EF0001B947 /* LaunchScreen.storyboard */ = {
			isa = PBXVariantGroup;
			children = (
				096755A2236D06EF0001B947 /* Base */,
			);
			name = LaunchScreen.storyboard;
			sourceTree = "<group>";
		};
/* End PBXVariantGroup section */

/* Begin XCBuildConfiguration section */
		096755B0236D06EF0001B947 /* Debug */ = {
			isa = XCBuildConfiguration;
			buildSettings = {
				ALWAYS_SEARCH_USER_PATHS = NO;
				CLANG_ANALYZER_NONNULL = YES;
				CLANG_ANALYZER_NUMBER_OBJECT_CONVERSION = YES_AGGRESSIVE;
				CLANG_CXX_LANGUAGE_STANDARD = "gnu++14";
				CLANG_CXX_LIBRARY = "libc++";
				CLANG_ENABLE_MODULES = YES;
				CLANG_ENABLE_OBJC_ARC = YES;
				CLANG_ENABLE_OBJC_WEAK = YES;
				CLANG_WARN_BLOCK_CAPTURE_AUTORELEASING = YES;
				CLANG_WARN_BOOL_CONVERSION = YES;
				CLANG_WARN_COMMA = YES;
				CLANG_WARN_CONSTANT_CONVERSION = YES;
				CLANG_WARN_DEPRECATED_OBJC_IMPLEMENTATIONS = YES;
				CLANG_WARN_DIRECT_OBJC_ISA_USAGE = YES_ERROR;
				CLANG_WARN_DOCUMENTATION_COMMENTS = YES;
				CLANG_WARN_EMPTY_BODY = YES;
				CLANG_WARN_ENUM_CONVERSION = YES;
				CLANG_WARN_INFINITE_RECURSION = YES;
				CLANG_WARN_INT_CONVERSION = YES;
				CLANG_WARN_NON_LITERAL_NULL_CONVERSION = YES;
				CLANG_WARN_OBJC_IMPLICIT_RETAIN_SELF = YES;
				CLANG_WARN_OBJC_LITERAL_CONVERSION = YES;
				CLANG_WARN_OBJC_ROOT_CLASS = YES_ERROR;
				CLANG_WARN_RANGE_LOOP_ANALYSIS = YES;
				CLANG_WARN_STRICT_PROTOTYPES = YES;
				CLANG_WARN_SUSPICIOUS_MOVE = YES;
				CLANG_WARN_UNGUARDED_AVAILABILITY = YES_AGGRESSIVE;
				CLANG_WARN_UNREACHABLE_CODE = YES;
				CLANG_WARN__DUPLICATE_METHOD_MATCH = YES;
				COPY_PHASE_STRIP = NO;
				DEBUG_INFORMATION_FORMAT = dwarf;
				ENABLE_STRICT_OBJC_MSGSEND = YES;
				ENABLE_TESTABILITY = YES;
				GCC_C_LANGUAGE_STANDARD = gnu11;
				GCC_DYNAMIC_NO_PIC = NO;
				GCC_NO_COMMON_BLOCKS = YES;
				GCC_OPTIMIZATION_LEVEL = 0;
				GCC_PREPROCESSOR_DEFINITIONS = (
					"DEBUG=1",
					"$(inherited)",
				);
				GCC_WARN_64_TO_32_BIT_CONVERSION = YES;
				GCC_WARN_ABOUT_RETURN_TYPE = YES_ERROR;
				GCC_WARN_UNDECLARED_SELECTOR = YES;
				GCC_WARN_UNINITIALIZED_AUTOS = YES_AGGRESSIVE;
				GCC_WARN_UNUSED_FUNCTION = YES;
				GCC_WARN_UNUSED_VARIABLE = YES;
				IPHONEOS_DEPLOYMENT_TARGET = 13.1;
				MTL_ENABLE_DEBUG_INFO = INCLUDE_SOURCE;
				MTL_FAST_MATH = YES;
				ONLY_ACTIVE_ARCH = YES;
				SDKROOT = iphoneos;
				SWIFT_ACTIVE_COMPILATION_CONDITIONS = DEBUG;
				SWIFT_OPTIMIZATION_LEVEL = "-Onone";
			};
			name = Debug;
		};
		096755B1236D06EF0001B947 /* Release */ = {
			isa = XCBuildConfiguration;
			buildSettings = {
				ALWAYS_SEARCH_USER_PATHS = NO;
				CLANG_ANALYZER_NONNULL = YES;
				CLANG_ANALYZER_NUMBER_OBJECT_CONVERSION = YES_AGGRESSIVE;
				CLANG_CXX_LANGUAGE_STANDARD = "gnu++14";
				CLANG_CXX_LIBRARY = "libc++";
				CLANG_ENABLE_MODULES = YES;
				CLANG_ENABLE_OBJC_ARC = YES;
				CLANG_ENABLE_OBJC_WEAK = YES;
				CLANG_WARN_BLOCK_CAPTURE_AUTORELEASING = YES;
				CLANG_WARN_BOOL_CONVERSION = YES;
				CLANG_WARN_COMMA = YES;
				CLANG_WARN_CONSTANT_CONVERSION = YES;
				CLANG_WARN_DEPRECATED_OBJC_IMPLEMENTATIONS = YES;
				CLANG_WARN_DIRECT_OBJC_ISA_USAGE = YES_ERROR;
				CLANG_WARN_DOCUMENTATION_COMMENTS = YES;
				CLANG_WARN_EMPTY_BODY = YES;
				CLANG_WARN_ENUM_CONVERSION = YES;
				CLANG_WARN_INFINITE_RECURSION = YES;
				CLANG_WARN_INT_CONVERSION = YES;
				CLANG_WARN_NON_LITERAL_NULL_CONVERSION = YES;
				CLANG_WARN_OBJC_IMPLICIT_RETAIN_SELF = YES;
				CLANG_WARN_OBJC_LITERAL_CONVERSION = YES;
				CLANG_WARN_OBJC_ROOT_CLASS = YES_ERROR;
				CLANG_WARN_RANGE_LOOP_ANALYSIS = YES;
				CLANG_WARN_STRICT_PROTOTYPES = YES;
				CLANG_WARN_SUSPICIOUS_MOVE = YES;
				CLANG_WARN_UNGUARDED_AVAILABILITY = YES_AGGRESSIVE;
				CLANG_WARN_UNREACHABLE_CODE = YES;
				CLANG_WARN__DUPLICATE_METHOD_MATCH = YES;
				COPY_PHASE_STRIP = NO;
				DEBUG_INFORMATION_FORMAT = "dwarf-with-dsym";
				ENABLE_NS_ASSERTIONS = NO;
				ENABLE_STRICT_OBJC_MSGSEND = YES;
				GCC_C_LANGUAGE_STANDARD = gnu11;
				GCC_NO_COMMON_BLOCKS = YES;
				GCC_WARN_64_TO_32_BIT_CONVERSION = YES;
				GCC_WARN_ABOUT_RETURN_TYPE = YES_ERROR;
				GCC_WARN_UNDECLARED_SELECTOR = YES;
				GCC_WARN_UNINITIALIZED_AUTOS = YES_AGGRESSIVE;
				GCC_WARN_UNUSED_FUNCTION = YES;
				GCC_WARN_UNUSED_VARIABLE = YES;
				IPHONEOS_DEPLOYMENT_TARGET = 13.1;
				MTL_ENABLE_DEBUG_INFO = NO;
				MTL_FAST_MATH = YES;
				SDKROOT = iphoneos;
				SWIFT_COMPILATION_MODE = wholemodule;
				SWIFT_OPTIMIZATION_LEVEL = "-O";
				VALIDATE_PRODUCT = YES;
			};
			name = Release;
		};
		096755B3236D06EF0001B947 /* Debug */ = {
			isa = XCBuildConfiguration;
			buildSettings = {
				ASSETCATALOG_COMPILER_APPICON_NAME = AppIcon;
				CODE_SIGN_STYLE = Automatic;
				INFOPLIST_FILE = project8/Info.plist;
				LD_RUNPATH_SEARCH_PATHS = (
					"$(inherited)",
					"@executable_path/Frameworks",
				);
				PRODUCT_BUNDLE_IDENTIFIER = Veera.project8;
				PRODUCT_NAME = "$(TARGET_NAME)";
				SWIFT_VERSION = 5.0;
				TARGETED_DEVICE_FAMILY = 2;
			};
			name = Debug;
		};
		096755B4236D06EF0001B947 /* Release */ = {
			isa = XCBuildConfiguration;
			buildSettings = {
				ASSETCATALOG_COMPILER_APPICON_NAME = AppIcon;
				CODE_SIGN_STYLE = Automatic;
				INFOPLIST_FILE = project8/Info.plist;
				LD_RUNPATH_SEARCH_PATHS = (
					"$(inherited)",
					"@executable_path/Frameworks",
				);
				PRODUCT_BUNDLE_IDENTIFIER = Veera.project8;
				PRODUCT_NAME = "$(TARGET_NAME)";
				SWIFT_VERSION = 5.0;
				TARGETED_DEVICE_FAMILY = 2;
			};
			name = Release;
		};
		096755B6236D06EF0001B947 /* Debug */ = {
			isa = XCBuildConfiguration;
			buildSettings = {
				ALWAYS_EMBED_SWIFT_STANDARD_LIBRARIES = YES;
				BUNDLE_LOADER = "$(TEST_HOST)";
				CODE_SIGN_STYLE = Automatic;
				INFOPLIST_FILE = project8Tests/Info.plist;
				IPHONEOS_DEPLOYMENT_TARGET = 13.1;
				LD_RUNPATH_SEARCH_PATHS = (
					"$(inherited)",
					"@executable_path/Frameworks",
					"@loader_path/Frameworks",
				);
				PRODUCT_BUNDLE_IDENTIFIER = Veera.project8Tests;
				PRODUCT_NAME = "$(TARGET_NAME)";
				SWIFT_VERSION = 5.0;
				TARGETED_DEVICE_FAMILY = "1,2";
				TEST_HOST = "$(BUILT_PRODUCTS_DIR)/project8.app/project8";
			};
			name = Debug;
		};
		096755B7236D06EF0001B947 /* Release */ = {
			isa = XCBuildConfiguration;
			buildSettings = {
				ALWAYS_EMBED_SWIFT_STANDARD_LIBRARIES = YES;
				BUNDLE_LOADER = "$(TEST_HOST)";
				CODE_SIGN_STYLE = Automatic;
				INFOPLIST_FILE = project8Tests/Info.plist;
				IPHONEOS_DEPLOYMENT_TARGET = 13.1;
				LD_RUNPATH_SEARCH_PATHS = (
					"$(inherited)",
					"@executable_path/Frameworks",
					"@loader_path/Frameworks",
				);
				PRODUCT_BUNDLE_IDENTIFIER = Veera.project8Tests;
				PRODUCT_NAME = "$(TARGET_NAME)";
				SWIFT_VERSION = 5.0;
				TARGETED_DEVICE_FAMILY = "1,2";
				TEST_HOST = "$(BUILT_PRODUCTS_DIR)/project8.app/project8";
			};
			name = Release;
		};
/* End XCBuildConfiguration section */

/* Begin XCConfigurationList section */
		0967558E236D06EE0001B947 /* Build configuration list for PBXProject "project8" */ = {
			isa = XCConfigurationList;
			buildConfigurations = (
				096755B0236D06EF0001B947 /* Debug */,
				096755B1236D06EF0001B947 /* Release */,
			);
			defaultConfigurationIsVisible = 0;
			defaultConfigurationName = Release;
		};
		096755B2236D06EF0001B947 /* Build configuration list for PBXNativeTarget "project8" */ = {
			isa = XCConfigurationList;
			buildConfigurations = (
				096755B3236D06EF0001B947 /* Debug */,
				096755B4236D06EF0001B947 /* Release */,
			);
			defaultConfigurationIsVisible = 0;
			defaultConfigurationName = Release;
		};
		096755B5236D06EF0001B947 /* Build configuration list for PBXNativeTarget "project8Tests" */ = {
			isa = XCConfigurationList;
			buildConfigurations = (
				096755B6236D06EF0001B947 /* Debug */,
				096755B7236D06EF0001B947 /* Release */,
			);
			defaultConfigurationIsVisible = 0;
			defaultConfigurationName = Release;
		};
/* End XCConfigurationList section */
	};
	rootObject = 0967558B236D06EE0001B947 /* Project object */;
}
